PODS:
  - AnimatedCollectionViewLayout (0.2.0)
  - CalendarKit (0.1.7):
    - DateToolsSwift
    - DynamicColor
    - Neon
  - CalendarView (1.1.2):
    - SwiftMoment (~> 0.1)
  - CDAlertView (0.6.0)
  - Chatto (3.0.1)
  - ChattoAdditions (3.0.1):
    - Chatto
  - DateToolsSwift (2.0.2)
  - DynamicColor (3.2.1)
  - Graph (2.1.2)
  - Koyomi (1.2.4)
  - Material (2.5.2):
    - Material/Core (= 2.5.2)
  - Material/Core (2.5.2)
  - Material/Photos (2.5.2):
    - Material/Core
  - Motion (1.0.5):
    - Motion/Core (= 1.0.5)
  - Motion/Core (1.0.5)
  - Neon (0.4.0)
  - SwiftMoment (0.7)

DEPENDENCIES:
  - AnimatedCollectionViewLayout
  - CalendarKit
  - CalendarView
  - CDAlertView
  - Chatto (= 3.0.1)
  - ChattoAdditions (= 3.0.1)
  - Graph (~> 2.0)
  - Koyomi
  - Material (~> 2.0)
  - Material/Photos (~> 2.0)
  - Motion (~> 1.0)

SPEC CHECKSUMS:
  AnimatedCollectionViewLayout: 6f385ed7deb673af8989f5240c4b0c32c9d25276
  CalendarKit: 7049e1a2d9a9ce72c884c5189a63a7ed59287f81
  CalendarView: 35d51b70586213604edec22a585d105273f6e191
  CDAlertView: e6f365fa0fac7349197e7ea4bd7810c069215cf4
  Chatto: 484273a793e06a33cef2f7e5b5b88a5a375df015
  ChattoAdditions: efd743b47dbd063eac824cd4bd94756cbf503f70
  DateToolsSwift: e493a31bc1fb5bc163f27f897c637f789e4a2b5b
  DynamicColor: 4786d650c69da6c3f2cbfe068348288ec4e5521f
  Graph: 75d33b593490cb770ea1c5025c6054bbaabb9669
  Koyomi: e028b378584ec90e257681bd255a3041ca109cc6
  Material: 00ae261fa04dd3f3f8584d07e44ac658fa1bc6fd
  Motion: 35d2c694cb62b0325c62504e15ffdf3cc3cc7d39
  Neon: 7fb5a9327e7e57911843f608e08f4893a74deaf9
  SwiftMoment: dc6dd27012e267819104cbb03f74ff9192dd0b42

PODFILE CHECKSUM: 4a8df7447e083dc5334b62bdc463c1fb481c569c

COCOAPODS: 1.2.0
