// !$*UTF8*$!
{
	archiveVersion = 1;
	classes = {
	};
	objectVersion = 46;
	objects = {

/* Begin PBXBuildFile section */
		0FAEDB996A579761D7FD4CFD /* Pods_AwesomeSwiftUITests.framework in Frameworks */ = {isa = PBXBuildFile; fileRef = 7109D7E5D8C4ECE58BEDBCD0 /* Pods_AwesomeSwiftUITests.framework */; };
		1F11BCD41E78D0040050AA2E /* CardViewController.swift in Sources */ = {isa = PBXBuildFile; fileRef = 1F11BCD31E78D0040050AA2E /* CardViewController.swift */; };
		1F16442B1E7674F7009D70A0 /* MenuCollectionViewController.swift in Sources */ = {isa = PBXBuildFile; fileRef = 1F16442A1E7674F7009D70A0 /* MenuCollectionViewController.swift */; };
		1F16442D1E7677E3009D70A0 /* SubmenuViewController.swift in Sources */ = {isa = PBXBuildFile; fileRef = 1F16442C1E7677E3009D70A0 /* SubmenuViewController.swift */; };
		1F16442F1E76822B009D70A0 /* Helper.swift in Sources */ = {isa = PBXBuildFile; fileRef = 1F16442E1E76822B009D70A0 /* Helper.swift */; };
		1F2FFD321E7912B500503E77 /* FABMenuViewController.swift in Sources */ = {isa = PBXBuildFile; fileRef = 1F2FFD2D1E7912B500503E77 /* FABMenuViewController.swift */; };
		1F2FFD331E7912B500503E77 /* FABRootViewController.swift in Sources */ = {isa = PBXBuildFile; fileRef = 1F2FFD2E1E7912B500503E77 /* FABRootViewController.swift */; };
		1F2FFD341E7912B500503E77 /* NotesViewController.swift in Sources */ = {isa = PBXBuildFile; fileRef = 1F2FFD2F1E7912B500503E77 /* NotesViewController.swift */; };
		1F2FFD371E79156300503E77 /* FABRemindersViewController.swift in Sources */ = {isa = PBXBuildFile; fileRef = 1F2FFD361E79156300503E77 /* FABRemindersViewController.swift */; };
		1F2FFD391E79164E00503E77 /* FABAppMenuController.swift in Sources */ = {isa = PBXBuildFile; fileRef = 1F2FFD381E79164E00503E77 /* FABAppMenuController.swift */; };
		1F459B0C1E790A4E00788B03 /* meditation.jpg in Resources */ = {isa = PBXBuildFile; fileRef = 1F459B091E790A4E00788B03 /* meditation.jpg */; };
		1F459B0D1E790A4E00788B03 /* surf.jpg in Resources */ = {isa = PBXBuildFile; fileRef = 1F459B0A1E790A4E00788B03 /* surf.jpg */; };
		1F459B0E1E790A4E00788B03 /* yoga.jpg in Resources */ = {isa = PBXBuildFile; fileRef = 1F459B0B1E790A4E00788B03 /* yoga.jpg */; };
		1F459B121E790A6900788B03 /* CardCollectionViewCell.swift in Sources */ = {isa = PBXBuildFile; fileRef = 1F459B101E790A6900788B03 /* CardCollectionViewCell.swift */; };
		1F459B131E790A6900788B03 /* MaterialCollectionViewController.swift in Sources */ = {isa = PBXBuildFile; fileRef = 1F459B111E790A6900788B03 /* MaterialCollectionViewController.swift */; };
		1F8588001E76BE9B00B9EA26 /* AnimatedCollectionViewLayoutViewController.swift in Sources */ = {isa = PBXBuildFile; fileRef = 1F8587FE1E76BE9B00B9EA26 /* AnimatedCollectionViewLayoutViewController.swift */; };
		1F8588011E76BE9B00B9EA26 /* ImageCollectionViewController.swift in Sources */ = {isa = PBXBuildFile; fileRef = 1F8587FF1E76BE9B00B9EA26 /* ImageCollectionViewController.swift */; };
		1FEFF0B81E78EA160064A24B /* AppFABMenuController.swift in Sources */ = {isa = PBXBuildFile; fileRef = 1FEFF0B01E78EA160064A24B /* AppFABMenuController.swift */; };
		1FEFF0B91E78EA160064A24B /* AppPageTabBarController.swift in Sources */ = {isa = PBXBuildFile; fileRef = 1FEFF0B11E78EA160064A24B /* AppPageTabBarController.swift */; };
		1FEFF0BA1E78EA160064A24B /* AppToolbarController.swift in Sources */ = {isa = PBXBuildFile; fileRef = 1FEFF0B21E78EA160064A24B /* AppToolbarController.swift */; };
		1FEFF0BB1E78EA160064A24B /* CardTableView.swift in Sources */ = {isa = PBXBuildFile; fileRef = 1FEFF0B31E78EA160064A24B /* CardTableView.swift */; };
		1FEFF0BC1E78EA160064A24B /* CardTableViewCell.swift in Sources */ = {isa = PBXBuildFile; fileRef = 1FEFF0B41E78EA160064A24B /* CardTableViewCell.swift */; };
		1FEFF0BD1E78EA160064A24B /* CardTableViewController.swift in Sources */ = {isa = PBXBuildFile; fileRef = 1FEFF0B51E78EA160064A24B /* CardTableViewController.swift */; };
		1FEFF0BE1E78EA160064A24B /* PostsViewController.swift in Sources */ = {isa = PBXBuildFile; fileRef = 1FEFF0B61E78EA160064A24B /* PostsViewController.swift */; };
		1FEFF0BF1E78EA160064A24B /* SampleData.swift in Sources */ = {isa = PBXBuildFile; fileRef = 1FEFF0B71E78EA160064A24B /* SampleData.swift */; };
		1FEFF0C81E78EA2D0064A24B /* photo1.jpg in Resources */ = {isa = PBXBuildFile; fileRef = 1FEFF0C01E78EA2D0064A24B /* photo1.jpg */; };
		1FEFF0C91E78EA2D0064A24B /* photo2.jpg in Resources */ = {isa = PBXBuildFile; fileRef = 1FEFF0C11E78EA2D0064A24B /* photo2.jpg */; };
		1FEFF0CA1E78EA2D0064A24B /* photo3.jpg in Resources */ = {isa = PBXBuildFile; fileRef = 1FEFF0C21E78EA2D0064A24B /* photo3.jpg */; };
		1FEFF0CB1E78EA2D0064A24B /* photo4.jpg in Resources */ = {isa = PBXBuildFile; fileRef = 1FEFF0C31E78EA2D0064A24B /* photo4.jpg */; };
		1FEFF0CC1E78EA2D0064A24B /* photo5.jpg in Resources */ = {isa = PBXBuildFile; fileRef = 1FEFF0C41E78EA2D0064A24B /* photo5.jpg */; };
		1FEFF0CD1E78EA2D0064A24B /* photo6.jpg in Resources */ = {isa = PBXBuildFile; fileRef = 1FEFF0C51E78EA2D0064A24B /* photo6.jpg */; };
		1FEFF0CE1E78EA2D0064A24B /* photo7.jpg in Resources */ = {isa = PBXBuildFile; fileRef = 1FEFF0C61E78EA2D0064A24B /* photo7.jpg */; };
		1FEFF0CF1E78EA2D0064A24B /* photo8.jpg in Resources */ = {isa = PBXBuildFile; fileRef = 1FEFF0C71E78EA2D0064A24B /* photo8.jpg */; };
		1FF65C991E76B17E006783B1 /* ExampleController.swift in Sources */ = {isa = PBXBuildFile; fileRef = 1FF65C971E76B17E006783B1 /* ExampleController.swift */; };
		1FF65C9A1E76B17E006783B1 /* StyleGenerator.swift in Sources */ = {isa = PBXBuildFile; fileRef = 1FF65C981E76B17E006783B1 /* StyleGenerator.swift */; };
		1FF65C9C1E76B18A006783B1 /* CalendarViewController.swift in Sources */ = {isa = PBXBuildFile; fileRef = 1FF65C9B1E76B18A006783B1 /* CalendarViewController.swift */; };
		1FF65CA01E76B197006783B1 /* KoyomiViewController.swift in Sources */ = {isa = PBXBuildFile; fileRef = 1FF65C9D1E76B197006783B1 /* KoyomiViewController.swift */; };
		1FF65CA11E76B197006783B1 /* MyButton.swift in Sources */ = {isa = PBXBuildFile; fileRef = 1FF65C9E1E76B197006783B1 /* MyButton.swift */; };
		1FF65CA21E76B197006783B1 /* UIColorExtension.swift in Sources */ = {isa = PBXBuildFile; fileRef = 1FF65C9F1E76B197006783B1 /* UIColorExtension.swift */; };
		1FFB45331E791B34008F1946 /* GridViewController.swift in Sources */ = {isa = PBXBuildFile; fileRef = 1FFB45321E791B34008F1946 /* GridViewController.swift */; };
		1FFB45361E791D4F008F1946 /* ImageCardViewController.swift in Sources */ = {isa = PBXBuildFile; fileRef = 1FFB45351E791D4F008F1946 /* ImageCardViewController.swift */; };
		1FFB45381E791D53008F1946 /* frontier.jpg in Resources */ = {isa = PBXBuildFile; fileRef = 1FFB45371E791D53008F1946 /* frontier.jpg */; };
		454580E5D62A31136110F292 /* Pods_AwesomeSwiftTests.framework in Frameworks */ = {isa = PBXBuildFile; fileRef = 9136A79302FEDE426994EDE7 /* Pods_AwesomeSwiftTests.framework */; };
		61DEFEB4B3FC93494B2F3995 /* Pods_AwesomeSwift.framework in Frameworks */ = {isa = PBXBuildFile; fileRef = 51C0C6919001EC2ED1ECAC81 /* Pods_AwesomeSwift.framework */; };
		BC1B10081E784D3F00A9EA20 /* BarViewController.swift in Sources */ = {isa = PBXBuildFile; fileRef = BC1B10051E784D3F00A9EA20 /* BarViewController.swift */; };
		BC1B10091E784D3F00A9EA20 /* ButtonViewController.swift in Sources */ = {isa = PBXBuildFile; fileRef = BC1B10061E784D3F00A9EA20 /* ButtonViewController.swift */; };
		BC1B100A1E784D3F00A9EA20 /* MaterialViewController.swift in Sources */ = {isa = PBXBuildFile; fileRef = BC1B10071E784D3F00A9EA20 /* MaterialViewController.swift */; };
		BC1B10131E784D5100A9EA20 /* AppBottomNavigationController.swift in Sources */ = {isa = PBXBuildFile; fileRef = BC1B100C1E784D5100A9EA20 /* AppBottomNavigationController.swift */; };
		BC1B10141E784D5100A9EA20 /* AudioViewController.swift in Sources */ = {isa = PBXBuildFile; fileRef = BC1B100D1E784D5100A9EA20 /* AudioViewController.swift */; };
		BC1B10151E784D5100A9EA20 /* BottomNavigationViewController.swift in Sources */ = {isa = PBXBuildFile; fileRef = BC1B100E1E784D5100A9EA20 /* BottomNavigationViewController.swift */; };
		BC1B10161E784D5100A9EA20 /* PhotoViewController.swift in Sources */ = {isa = PBXBuildFile; fileRef = BC1B100F1E784D5100A9EA20 /* PhotoViewController.swift */; };
		BC1B10171E784D5100A9EA20 /* RemindersViewController.swift in Sources */ = {isa = PBXBuildFile; fileRef = BC1B10101E784D5100A9EA20 /* RemindersViewController.swift */; };
		BC1B10181E784D5100A9EA20 /* SearchViewController.swift in Sources */ = {isa = PBXBuildFile; fileRef = BC1B10111E784D5100A9EA20 /* SearchViewController.swift */; };
		BC1B10191E784D5100A9EA20 /* VideoViewController.swift in Sources */ = {isa = PBXBuildFile; fileRef = BC1B10121E784D5100A9EA20 /* VideoViewController.swift */; };
		BC50A89D1E735BEC00665614 /* LandingCell.swift in Sources */ = {isa = PBXBuildFile; fileRef = BC50A89B1E735BEC00665614 /* LandingCell.swift */; };
		BC50A89E1E735BEC00665614 /* LandingViewController.swift in Sources */ = {isa = PBXBuildFile; fileRef = BC50A89C1E735BEC00665614 /* LandingViewController.swift */; };
		BC9AE16E1E7043F300D3199C /* AppDelegate.swift in Sources */ = {isa = PBXBuildFile; fileRef = BC9AE16D1E7043F300D3199C /* AppDelegate.swift */; };
		BC9AE1701E7043F300D3199C /* ViewController.swift in Sources */ = {isa = PBXBuildFile; fileRef = BC9AE16F1E7043F300D3199C /* ViewController.swift */; };
		BC9AE1731E7043F300D3199C /* Main.storyboard in Resources */ = {isa = PBXBuildFile; fileRef = BC9AE1711E7043F300D3199C /* Main.storyboard */; };
		BC9AE1761E7043F300D3199C /* AwesomeSwift.xcdatamodeld in Sources */ = {isa = PBXBuildFile; fileRef = BC9AE1741E7043F300D3199C /* AwesomeSwift.xcdatamodeld */; };
		BC9AE1781E7043F300D3199C /* Assets.xcassets in Resources */ = {isa = PBXBuildFile; fileRef = BC9AE1771E7043F300D3199C /* Assets.xcassets */; };
		BC9AE17B1E7043F300D3199C /* LaunchScreen.storyboard in Resources */ = {isa = PBXBuildFile; fileRef = BC9AE1791E7043F300D3199C /* LaunchScreen.storyboard */; };
		BC9AE1861E7043F300D3199C /* AwesomeSwiftTests.swift in Sources */ = {isa = PBXBuildFile; fileRef = BC9AE1851E7043F300D3199C /* AwesomeSwiftTests.swift */; };
		BC9AE1911E7043F300D3199C /* AwesomeSwiftUITests.swift in Sources */ = {isa = PBXBuildFile; fileRef = BC9AE1901E7043F300D3199C /* AwesomeSwiftUITests.swift */; };
/* End PBXBuildFile section */

/* Begin PBXContainerItemProxy section */
		BC9AE1821E7043F300D3199C /* PBXContainerItemProxy */ = {
			isa = PBXContainerItemProxy;
			containerPortal = BC9AE1621E7043F200D3199C /* Project object */;
			proxyType = 1;
			remoteGlobalIDString = BC9AE1691E7043F200D3199C;
			remoteInfo = AwesomeSwift;
		};
		BC9AE18D1E7043F300D3199C /* PBXContainerItemProxy */ = {
			isa = PBXContainerItemProxy;
			containerPortal = BC9AE1621E7043F200D3199C /* Project object */;
			proxyType = 1;
			remoteGlobalIDString = BC9AE1691E7043F200D3199C;
			remoteInfo = AwesomeSwift;
		};
/* End PBXContainerItemProxy section */

/* Begin PBXFileReference section */
		1F11BCD31E78D0040050AA2E /* CardViewController.swift */ = {isa = PBXFileReference; fileEncoding = 4; lastKnownFileType = sourcecode.swift; name = CardViewController.swift; path = ../AwesomeSwift.playground/Sources/UI/Material/CardViewController.swift; sourceTree = "<group>"; };
		1F16442A1E7674F7009D70A0 /* MenuCollectionViewController.swift */ = {isa = PBXFileReference; fileEncoding = 4; lastKnownFileType = sourcecode.swift; name = MenuCollectionViewController.swift; path = ../AwesomeSwift.playground/Sources/Landing/MenuCollectionViewController.swift; sourceTree = "<group>"; };
		1F16442C1E7677E3009D70A0 /* SubmenuViewController.swift */ = {isa = PBXFileReference; fileEncoding = 4; lastKnownFileType = sourcecode.swift; name = SubmenuViewController.swift; path = ../AwesomeSwift.playground/Sources/Landing/SubmenuViewController.swift; sourceTree = "<group>"; };
		1F16442E1E76822B009D70A0 /* Helper.swift */ = {isa = PBXFileReference; fileEncoding = 4; lastKnownFileType = sourcecode.swift; name = Helper.swift; path = ../AwesomeSwift.playground/Sources/Helper.swift; sourceTree = "<group>"; };
		1F2FFD2D1E7912B500503E77 /* FABMenuViewController.swift */ = {isa = PBXFileReference; fileEncoding = 4; lastKnownFileType = sourcecode.swift; name = FABMenuViewController.swift; path = ../AwesomeSwift.playground/Sources/UI/Material/FABMenuController/FABMenuViewController.swift; sourceTree = "<group>"; };
		1F2FFD2E1E7912B500503E77 /* FABRootViewController.swift */ = {isa = PBXFileReference; fileEncoding = 4; lastKnownFileType = sourcecode.swift; name = FABRootViewController.swift; path = ../AwesomeSwift.playground/Sources/UI/Material/FABMenuController/FABRootViewController.swift; sourceTree = "<group>"; };
		1F2FFD2F1E7912B500503E77 /* NotesViewController.swift */ = {isa = PBXFileReference; fileEncoding = 4; lastKnownFileType = sourcecode.swift; name = NotesViewController.swift; path = ../AwesomeSwift.playground/Sources/UI/Material/FABMenuController/NotesViewController.swift; sourceTree = "<group>"; };
		1F2FFD361E79156300503E77 /* FABRemindersViewController.swift */ = {isa = PBXFileReference; fileEncoding = 4; lastKnownFileType = sourcecode.swift; name = FABRemindersViewController.swift; path = ../AwesomeSwift.playground/Sources/UI/Material/FABMenuController/FABRemindersViewController.swift; sourceTree = "<group>"; };
		1F2FFD381E79164E00503E77 /* FABAppMenuController.swift */ = {isa = PBXFileReference; fileEncoding = 4; lastKnownFileType = sourcecode.swift; name = FABAppMenuController.swift; path = ../AwesomeSwift.playground/Sources/UI/Material/FABMenuController/FABAppMenuController.swift; sourceTree = "<group>"; };
		1F459B091E790A4E00788B03 /* meditation.jpg */ = {isa = PBXFileReference; lastKnownFileType = image.jpeg; name = meditation.jpg; path = AwesomeSwift.playground/Resources/meditation.jpg; sourceTree = SOURCE_ROOT; };
		1F459B0A1E790A4E00788B03 /* surf.jpg */ = {isa = PBXFileReference; lastKnownFileType = image.jpeg; name = surf.jpg; path = AwesomeSwift.playground/Resources/surf.jpg; sourceTree = SOURCE_ROOT; };
		1F459B0B1E790A4E00788B03 /* yoga.jpg */ = {isa = PBXFileReference; lastKnownFileType = image.jpeg; name = yoga.jpg; path = AwesomeSwift.playground/Resources/yoga.jpg; sourceTree = SOURCE_ROOT; };
		1F459B101E790A6900788B03 /* CardCollectionViewCell.swift */ = {isa = PBXFileReference; fileEncoding = 4; lastKnownFileType = sourcecode.swift; name = CardCollectionViewCell.swift; path = ../AwesomeSwift.playground/Sources/UI/Material/CollectionViewController/CardCollectionViewCell.swift; sourceTree = "<group>"; };
		1F459B111E790A6900788B03 /* MaterialCollectionViewController.swift */ = {isa = PBXFileReference; fileEncoding = 4; lastKnownFileType = sourcecode.swift; name = MaterialCollectionViewController.swift; path = ../AwesomeSwift.playground/Sources/UI/Material/CollectionViewController/MaterialCollectionViewController.swift; sourceTree = "<group>"; };
		1F8587FE1E76BE9B00B9EA26 /* AnimatedCollectionViewLayoutViewController.swift */ = {isa = PBXFileReference; fileEncoding = 4; lastKnownFileType = sourcecode.swift; name = AnimatedCollectionViewLayoutViewController.swift; path = ../AwesomeSwift.playground/Sources/Animation/AnimatedCollectionViewLayout/AnimatedCollectionViewLayoutViewController.swift; sourceTree = "<group>"; };
		1F8587FF1E76BE9B00B9EA26 /* ImageCollectionViewController.swift */ = {isa = PBXFileReference; fileEncoding = 4; lastKnownFileType = sourcecode.swift; name = ImageCollectionViewController.swift; path = ../AwesomeSwift.playground/Sources/Animation/AnimatedCollectionViewLayout/ImageCollectionViewController.swift; sourceTree = "<group>"; };
		1FEFF0B01E78EA160064A24B /* AppFABMenuController.swift */ = {isa = PBXFileReference; fileEncoding = 4; lastKnownFileType = sourcecode.swift; name = AppFABMenuController.swift; path = ../AwesomeSwift.playground/Sources/UI/Material/CardTableView/AppFABMenuController.swift; sourceTree = "<group>"; };
		1FEFF0B11E78EA160064A24B /* AppPageTabBarController.swift */ = {isa = PBXFileReference; fileEncoding = 4; lastKnownFileType = sourcecode.swift; name = AppPageTabBarController.swift; path = ../AwesomeSwift.playground/Sources/UI/Material/CardTableView/AppPageTabBarController.swift; sourceTree = "<group>"; };
		1FEFF0B21E78EA160064A24B /* AppToolbarController.swift */ = {isa = PBXFileReference; fileEncoding = 4; lastKnownFileType = sourcecode.swift; name = AppToolbarController.swift; path = ../AwesomeSwift.playground/Sources/UI/Material/CardTableView/AppToolbarController.swift; sourceTree = "<group>"; };
		1FEFF0B31E78EA160064A24B /* CardTableView.swift */ = {isa = PBXFileReference; fileEncoding = 4; lastKnownFileType = sourcecode.swift; name = CardTableView.swift; path = ../AwesomeSwift.playground/Sources/UI/Material/CardTableView/CardTableView.swift; sourceTree = "<group>"; };
		1FEFF0B41E78EA160064A24B /* CardTableViewCell.swift */ = {isa = PBXFileReference; fileEncoding = 4; lastKnownFileType = sourcecode.swift; name = CardTableViewCell.swift; path = ../AwesomeSwift.playground/Sources/UI/Material/CardTableView/CardTableViewCell.swift; sourceTree = "<group>"; };
		1FEFF0B51E78EA160064A24B /* CardTableViewController.swift */ = {isa = PBXFileReference; fileEncoding = 4; lastKnownFileType = sourcecode.swift; name = CardTableViewController.swift; path = ../AwesomeSwift.playground/Sources/UI/Material/CardTableView/CardTableViewController.swift; sourceTree = "<group>"; };
		1FEFF0B61E78EA160064A24B /* PostsViewController.swift */ = {isa = PBXFileReference; fileEncoding = 4; lastKnownFileType = sourcecode.swift; name = PostsViewController.swift; path = ../AwesomeSwift.playground/Sources/UI/Material/CardTableView/PostsViewController.swift; sourceTree = "<group>"; };
		1FEFF0B71E78EA160064A24B /* SampleData.swift */ = {isa = PBXFileReference; fileEncoding = 4; lastKnownFileType = sourcecode.swift; name = SampleData.swift; path = ../AwesomeSwift.playground/Sources/UI/Material/CardTableView/SampleData.swift; sourceTree = "<group>"; };
		1FEFF0C01E78EA2D0064A24B /* photo1.jpg */ = {isa = PBXFileReference; lastKnownFileType = image.jpeg; name = photo1.jpg; path = ../AwesomeSwift.playground/Resources/photo1.jpg; sourceTree = "<group>"; };
		1FEFF0C11E78EA2D0064A24B /* photo2.jpg */ = {isa = PBXFileReference; lastKnownFileType = image.jpeg; name = photo2.jpg; path = ../AwesomeSwift.playground/Resources/photo2.jpg; sourceTree = "<group>"; };
		1FEFF0C21E78EA2D0064A24B /* photo3.jpg */ = {isa = PBXFileReference; lastKnownFileType = image.jpeg; name = photo3.jpg; path = ../AwesomeSwift.playground/Resources/photo3.jpg; sourceTree = "<group>"; };
		1FEFF0C31E78EA2D0064A24B /* photo4.jpg */ = {isa = PBXFileReference; lastKnownFileType = image.jpeg; name = photo4.jpg; path = ../AwesomeSwift.playground/Resources/photo4.jpg; sourceTree = "<group>"; };
		1FEFF0C41E78EA2D0064A24B /* photo5.jpg */ = {isa = PBXFileReference; lastKnownFileType = image.jpeg; name = photo5.jpg; path = ../AwesomeSwift.playground/Resources/photo5.jpg; sourceTree = "<group>"; };
		1FEFF0C51E78EA2D0064A24B /* photo6.jpg */ = {isa = PBXFileReference; lastKnownFileType = image.jpeg; name = photo6.jpg; path = ../AwesomeSwift.playground/Resources/photo6.jpg; sourceTree = "<group>"; };
		1FEFF0C61E78EA2D0064A24B /* photo7.jpg */ = {isa = PBXFileReference; lastKnownFileType = image.jpeg; name = photo7.jpg; path = ../AwesomeSwift.playground/Resources/photo7.jpg; sourceTree = "<group>"; };
		1FEFF0C71E78EA2D0064A24B /* photo8.jpg */ = {isa = PBXFileReference; lastKnownFileType = image.jpeg; name = photo8.jpg; path = ../AwesomeSwift.playground/Resources/photo8.jpg; sourceTree = "<group>"; };
		1FF65C971E76B17E006783B1 /* ExampleController.swift */ = {isa = PBXFileReference; fileEncoding = 4; lastKnownFileType = sourcecode.swift; name = ExampleController.swift; path = ../AwesomeSwift.playground/Sources/Calendar/CalendarKit/ExampleController.swift; sourceTree = "<group>"; };
		1FF65C981E76B17E006783B1 /* StyleGenerator.swift */ = {isa = PBXFileReference; fileEncoding = 4; lastKnownFileType = sourcecode.swift; name = StyleGenerator.swift; path = ../AwesomeSwift.playground/Sources/Calendar/CalendarKit/StyleGenerator.swift; sourceTree = "<group>"; };
		1FF65C9B1E76B18A006783B1 /* CalendarViewController.swift */ = {isa = PBXFileReference; fileEncoding = 4; lastKnownFileType = sourcecode.swift; name = CalendarViewController.swift; path = ../AwesomeSwift.playground/Sources/Calendar/CalendarView/CalendarViewController.swift; sourceTree = "<group>"; };
		1FF65C9D1E76B197006783B1 /* KoyomiViewController.swift */ = {isa = PBXFileReference; fileEncoding = 4; lastKnownFileType = sourcecode.swift; name = KoyomiViewController.swift; path = ../AwesomeSwift.playground/Sources/Calendar/Koyomi/KoyomiViewController.swift; sourceTree = "<group>"; };
		1FF65C9E1E76B197006783B1 /* MyButton.swift */ = {isa = PBXFileReference; fileEncoding = 4; lastKnownFileType = sourcecode.swift; name = MyButton.swift; path = ../AwesomeSwift.playground/Sources/Calendar/Koyomi/MyButton.swift; sourceTree = "<group>"; };
		1FF65C9F1E76B197006783B1 /* UIColorExtension.swift */ = {isa = PBXFileReference; fileEncoding = 4; lastKnownFileType = sourcecode.swift; name = UIColorExtension.swift; path = ../AwesomeSwift.playground/Sources/Calendar/Koyomi/UIColorExtension.swift; sourceTree = "<group>"; };
		1FFB45321E791B34008F1946 /* GridViewController.swift */ = {isa = PBXFileReference; fileEncoding = 4; lastKnownFileType = sourcecode.swift; name = GridViewController.swift; path = ../AwesomeSwift.playground/Sources/UI/Material/Grid/GridViewController.swift; sourceTree = "<group>"; };
		1FFB45351E791D4F008F1946 /* ImageCardViewController.swift */ = {isa = PBXFileReference; fileEncoding = 4; lastKnownFileType = sourcecode.swift; name = ImageCardViewController.swift; path = ../AwesomeSwift.playground/Sources/UI/Material/ImageCard/ImageCardViewController.swift; sourceTree = "<group>"; };
		1FFB45371E791D53008F1946 /* frontier.jpg */ = {isa = PBXFileReference; lastKnownFileType = image.jpeg; name = frontier.jpg; path = ../AwesomeSwift.playground/Resources/frontier.jpg; sourceTree = "<group>"; };
		31AD3AC2F8556FFAF26F719B /* Pods-AwesomeSwiftTests.release.xcconfig */ = {isa = PBXFileReference; includeInIndex = 1; lastKnownFileType = text.xcconfig; name = "Pods-AwesomeSwiftTests.release.xcconfig"; path = "Pods/Target Support Files/Pods-AwesomeSwiftTests/Pods-AwesomeSwiftTests.release.xcconfig"; sourceTree = "<group>"; };
		51C0C6919001EC2ED1ECAC81 /* Pods_AwesomeSwift.framework */ = {isa = PBXFileReference; explicitFileType = wrapper.framework; includeInIndex = 0; path = Pods_AwesomeSwift.framework; sourceTree = BUILT_PRODUCTS_DIR; };
		6153BFD7AB873188A63FEA31 /* Pods-AwesomeSwiftUITests.debug.xcconfig */ = {isa = PBXFileReference; includeInIndex = 1; lastKnownFileType = text.xcconfig; name = "Pods-AwesomeSwiftUITests.debug.xcconfig"; path = "Pods/Target Support Files/Pods-AwesomeSwiftUITests/Pods-AwesomeSwiftUITests.debug.xcconfig"; sourceTree = "<group>"; };
		6A4FDA97394DC8AE763447F1 /* Pods-AwesomeSwift.debug.xcconfig */ = {isa = PBXFileReference; includeInIndex = 1; lastKnownFileType = text.xcconfig; name = "Pods-AwesomeSwift.debug.xcconfig"; path = "Pods/Target Support Files/Pods-AwesomeSwift/Pods-AwesomeSwift.debug.xcconfig"; sourceTree = "<group>"; };
		6EAD4EA214D599AE7A611CCD /* Pods-AwesomeSwiftTests.debug.xcconfig */ = {isa = PBXFileReference; includeInIndex = 1; lastKnownFileType = text.xcconfig; name = "Pods-AwesomeSwiftTests.debug.xcconfig"; path = "Pods/Target Support Files/Pods-AwesomeSwiftTests/Pods-AwesomeSwiftTests.debug.xcconfig"; sourceTree = "<group>"; };
		7109D7E5D8C4ECE58BEDBCD0 /* Pods_AwesomeSwiftUITests.framework */ = {isa = PBXFileReference; explicitFileType = wrapper.framework; includeInIndex = 0; path = Pods_AwesomeSwiftUITests.framework; sourceTree = BUILT_PRODUCTS_DIR; };
		9136A79302FEDE426994EDE7 /* Pods_AwesomeSwiftTests.framework */ = {isa = PBXFileReference; explicitFileType = wrapper.framework; includeInIndex = 0; path = Pods_AwesomeSwiftTests.framework; sourceTree = BUILT_PRODUCTS_DIR; };
		BC1B10051E784D3F00A9EA20 /* BarViewController.swift */ = {isa = PBXFileReference; fileEncoding = 4; lastKnownFileType = sourcecode.swift; name = BarViewController.swift; path = ../AwesomeSwift.playground/Sources/UI/Material/BarViewController.swift; sourceTree = "<group>"; };
		BC1B10061E784D3F00A9EA20 /* ButtonViewController.swift */ = {isa = PBXFileReference; fileEncoding = 4; lastKnownFileType = sourcecode.swift; name = ButtonViewController.swift; path = ../AwesomeSwift.playground/Sources/UI/Material/ButtonViewController.swift; sourceTree = "<group>"; };
		BC1B10071E784D3F00A9EA20 /* MaterialViewController.swift */ = {isa = PBXFileReference; fileEncoding = 4; lastKnownFileType = sourcecode.swift; name = MaterialViewController.swift; path = ../AwesomeSwift.playground/Sources/UI/Material/MaterialViewController.swift; sourceTree = "<group>"; };
		BC1B100C1E784D5100A9EA20 /* AppBottomNavigationController.swift */ = {isa = PBXFileReference; fileEncoding = 4; lastKnownFileType = sourcecode.swift; name = AppBottomNavigationController.swift; path = ../AwesomeSwift.playground/Sources/UI/Material/BottomNavigationController/AppBottomNavigationController.swift; sourceTree = "<group>"; };
		BC1B100D1E784D5100A9EA20 /* AudioViewController.swift */ = {isa = PBXFileReference; fileEncoding = 4; lastKnownFileType = sourcecode.swift; name = AudioViewController.swift; path = ../AwesomeSwift.playground/Sources/UI/Material/BottomNavigationController/AudioViewController.swift; sourceTree = "<group>"; };
		BC1B100E1E784D5100A9EA20 /* BottomNavigationViewController.swift */ = {isa = PBXFileReference; fileEncoding = 4; lastKnownFileType = sourcecode.swift; name = BottomNavigationViewController.swift; path = ../AwesomeSwift.playground/Sources/UI/Material/BottomNavigationController/BottomNavigationViewController.swift; sourceTree = "<group>"; };
		BC1B100F1E784D5100A9EA20 /* PhotoViewController.swift */ = {isa = PBXFileReference; fileEncoding = 4; lastKnownFileType = sourcecode.swift; name = PhotoViewController.swift; path = ../AwesomeSwift.playground/Sources/UI/Material/BottomNavigationController/PhotoViewController.swift; sourceTree = "<group>"; };
		BC1B10101E784D5100A9EA20 /* RemindersViewController.swift */ = {isa = PBXFileReference; fileEncoding = 4; lastKnownFileType = sourcecode.swift; name = RemindersViewController.swift; path = ../AwesomeSwift.playground/Sources/UI/Material/BottomNavigationController/RemindersViewController.swift; sourceTree = "<group>"; };
		BC1B10111E784D5100A9EA20 /* SearchViewController.swift */ = {isa = PBXFileReference; fileEncoding = 4; lastKnownFileType = sourcecode.swift; name = SearchViewController.swift; path = ../AwesomeSwift.playground/Sources/UI/Material/BottomNavigationController/SearchViewController.swift; sourceTree = "<group>"; };
		BC1B10121E784D5100A9EA20 /* VideoViewController.swift */ = {isa = PBXFileReference; fileEncoding = 4; lastKnownFileType = sourcecode.swift; name = VideoViewController.swift; path = ../AwesomeSwift.playground/Sources/UI/Material/BottomNavigationController/VideoViewController.swift; sourceTree = "<group>"; };
		BC50A89B1E735BEC00665614 /* LandingCell.swift */ = {isa = PBXFileReference; fileEncoding = 4; lastKnownFileType = sourcecode.swift; name = LandingCell.swift; path = AwesomeSwift.playground/Sources/Landing/LandingCell.swift; sourceTree = SOURCE_ROOT; };
		BC50A89C1E735BEC00665614 /* LandingViewController.swift */ = {isa = PBXFileReference; fileEncoding = 4; lastKnownFileType = sourcecode.swift; name = LandingViewController.swift; path = AwesomeSwift.playground/Sources/Landing/LandingViewController.swift; sourceTree = SOURCE_ROOT; };
		BC9AE16A1E7043F200D3199C /* AwesomeSwift.app */ = {isa = PBXFileReference; explicitFileType = wrapper.application; includeInIndex = 0; path = AwesomeSwift.app; sourceTree = BUILT_PRODUCTS_DIR; };
		BC9AE16D1E7043F300D3199C /* AppDelegate.swift */ = {isa = PBXFileReference; lastKnownFileType = sourcecode.swift; path = AppDelegate.swift; sourceTree = "<group>"; };
		BC9AE16F1E7043F300D3199C /* ViewController.swift */ = {isa = PBXFileReference; lastKnownFileType = sourcecode.swift; path = ViewController.swift; sourceTree = "<group>"; };
		BC9AE1721E7043F300D3199C /* Base */ = {isa = PBXFileReference; lastKnownFileType = file.storyboard; name = Base; path = Base.lproj/Main.storyboard; sourceTree = "<group>"; };
		BC9AE1751E7043F300D3199C /* AwesomeSwift.xcdatamodel */ = {isa = PBXFileReference; lastKnownFileType = wrapper.xcdatamodel; path = AwesomeSwift.xcdatamodel; sourceTree = "<group>"; };
		BC9AE1771E7043F300D3199C /* Assets.xcassets */ = {isa = PBXFileReference; lastKnownFileType = folder.assetcatalog; path = Assets.xcassets; sourceTree = "<group>"; };
		BC9AE17A1E7043F300D3199C /* Base */ = {isa = PBXFileReference; lastKnownFileType = file.storyboard; name = Base; path = Base.lproj/LaunchScreen.storyboard; sourceTree = "<group>"; };
		BC9AE17C1E7043F300D3199C /* Info.plist */ = {isa = PBXFileReference; lastKnownFileType = text.plist.xml; path = Info.plist; sourceTree = "<group>"; };
		BC9AE1811E7043F300D3199C /* AwesomeSwiftTests.xctest */ = {isa = PBXFileReference; explicitFileType = wrapper.cfbundle; includeInIndex = 0; path = AwesomeSwiftTests.xctest; sourceTree = BUILT_PRODUCTS_DIR; };
		BC9AE1851E7043F300D3199C /* AwesomeSwiftTests.swift */ = {isa = PBXFileReference; lastKnownFileType = sourcecode.swift; path = AwesomeSwiftTests.swift; sourceTree = "<group>"; };
		BC9AE1871E7043F300D3199C /* Info.plist */ = {isa = PBXFileReference; lastKnownFileType = text.plist.xml; path = Info.plist; sourceTree = "<group>"; };
		BC9AE18C1E7043F300D3199C /* AwesomeSwiftUITests.xctest */ = {isa = PBXFileReference; explicitFileType = wrapper.cfbundle; includeInIndex = 0; path = AwesomeSwiftUITests.xctest; sourceTree = BUILT_PRODUCTS_DIR; };
		BC9AE1901E7043F300D3199C /* AwesomeSwiftUITests.swift */ = {isa = PBXFileReference; lastKnownFileType = sourcecode.swift; path = AwesomeSwiftUITests.swift; sourceTree = "<group>"; };
		BC9AE1921E7043F300D3199C /* Info.plist */ = {isa = PBXFileReference; lastKnownFileType = text.plist.xml; path = Info.plist; sourceTree = "<group>"; };
		BCCFC1161E733E7A00940CBF /* AwesomeSwift.playground */ = {isa = PBXFileReference; lastKnownFileType = file.playground; path = AwesomeSwift.playground; sourceTree = SOURCE_ROOT; };
		D32E9FAF8941958DD449E937 /* Pods-AwesomeSwiftUITests.release.xcconfig */ = {isa = PBXFileReference; includeInIndex = 1; lastKnownFileType = text.xcconfig; name = "Pods-AwesomeSwiftUITests.release.xcconfig"; path = "Pods/Target Support Files/Pods-AwesomeSwiftUITests/Pods-AwesomeSwiftUITests.release.xcconfig"; sourceTree = "<group>"; };
		E38D2151789F8C89DE340277 /* Pods-AwesomeSwift.release.xcconfig */ = {isa = PBXFileReference; includeInIndex = 1; lastKnownFileType = text.xcconfig; name = "Pods-AwesomeSwift.release.xcconfig"; path = "Pods/Target Support Files/Pods-AwesomeSwift/Pods-AwesomeSwift.release.xcconfig"; sourceTree = "<group>"; };
/* End PBXFileReference section */

/* Begin PBXFrameworksBuildPhase section */
		BC9AE1671E7043F200D3199C /* Frameworks */ = {
			isa = PBXFrameworksBuildPhase;
			buildActionMask = 2147483647;
			files = (
				61DEFEB4B3FC93494B2F3995 /* Pods_AwesomeSwift.framework in Frameworks */,
			);
			runOnlyForDeploymentPostprocessing = 0;
		};
		BC9AE17E1E7043F300D3199C /* Frameworks */ = {
			isa = PBXFrameworksBuildPhase;
			buildActionMask = 2147483647;
			files = (
				454580E5D62A31136110F292 /* Pods_AwesomeSwiftTests.framework in Frameworks */,
			);
			runOnlyForDeploymentPostprocessing = 0;
		};
		BC9AE1891E7043F300D3199C /* Frameworks */ = {
			isa = PBXFrameworksBuildPhase;
			buildActionMask = 2147483647;
			files = (
				0FAEDB996A579761D7FD4CFD /* Pods_AwesomeSwiftUITests.framework in Frameworks */,
			);
			runOnlyForDeploymentPostprocessing = 0;
		};
/* End PBXFrameworksBuildPhase section */

/* Begin PBXGroup section */
		1F1644301E768929009D70A0 /* Calendar */ = {
			isa = PBXGroup;
			children = (
				BC50A89A1E735BD500665614 /* CalendarKit */,
				BC7D47851E748D2B00564E0C /* CalendarView */,
				BC86439F1E749F3B002BFABB /* Koyomi */,
			);
			name = Calendar;
			sourceTree = "<group>";
		};
		1F2FFD2B1E7912AA00503E77 /* FABMenuController */ = {
			isa = PBXGroup;
			children = (
				1F2FFD381E79164E00503E77 /* FABAppMenuController.swift */,
				1F2FFD2D1E7912B500503E77 /* FABMenuViewController.swift */,
				1F2FFD2E1E7912B500503E77 /* FABRootViewController.swift */,
				1F2FFD2F1E7912B500503E77 /* NotesViewController.swift */,
				1F2FFD361E79156300503E77 /* FABRemindersViewController.swift */,
			);
			name = FABMenuController;
			sourceTree = "<group>";
		};
		1F459B0F1E790A5700788B03 /* CollectionView */ = {
			isa = PBXGroup;
			children = (
				1F459B101E790A6900788B03 /* CardCollectionViewCell.swift */,
				1F459B111E790A6900788B03 /* MaterialCollectionViewController.swift */,
				1F459B091E790A4E00788B03 /* meditation.jpg */,
				1F459B0A1E790A4E00788B03 /* surf.jpg */,
				1F459B0B1E790A4E00788B03 /* yoga.jpg */,
			);
			name = CollectionView;
			sourceTree = "<group>";
		};
		1F81FAB61E76B833004B1160 /* Animation */ = {
			isa = PBXGroup;
			children = (
				1F8587FD1E76BE5600B9EA26 /* AnimatedCollectionViewLayout */,
			);
			name = Animation;
			sourceTree = "<group>";
		};
		1F8587FD1E76BE5600B9EA26 /* AnimatedCollectionViewLayout */ = {
			isa = PBXGroup;
			children = (
				1F8587FE1E76BE9B00B9EA26 /* AnimatedCollectionViewLayoutViewController.swift */,
				1F8587FF1E76BE9B00B9EA26 /* ImageCollectionViewController.swift */,
			);
			name = AnimatedCollectionViewLayout;
			sourceTree = "<group>";
		};
		1FE6D9ED1E724448008094B9 /* AwesomeSwift */ = {
			isa = PBXGroup;
			children = (
				BCCFC1151E733E5E00940CBF /* Playground */,
				BC9AE16C1E7043F200D3199C /* AwesomeSwift */,
				BC9AE1841E7043F300D3199C /* AwesomeSwiftTests */,
				BC9AE18F1E7043F300D3199C /* AwesomeSwiftUITests */,
			);
			name = AwesomeSwift;
			sourceTree = "<group>";
		};
		1FEFF0AF1E78EA0B0064A24B /* CardTableView */ = {
			isa = PBXGroup;
			children = (
				1FEFF0C01E78EA2D0064A24B /* photo1.jpg */,
				1FEFF0C11E78EA2D0064A24B /* photo2.jpg */,
				1FEFF0C21E78EA2D0064A24B /* photo3.jpg */,
				1FEFF0C31E78EA2D0064A24B /* photo4.jpg */,
				1FEFF0C41E78EA2D0064A24B /* photo5.jpg */,
				1FEFF0C51E78EA2D0064A24B /* photo6.jpg */,
				1FEFF0C61E78EA2D0064A24B /* photo7.jpg */,
				1FEFF0C71E78EA2D0064A24B /* photo8.jpg */,
				1FEFF0B01E78EA160064A24B /* AppFABMenuController.swift */,
				1FEFF0B11E78EA160064A24B /* AppPageTabBarController.swift */,
				1FEFF0B21E78EA160064A24B /* AppToolbarController.swift */,
				1FEFF0B31E78EA160064A24B /* CardTableView.swift */,
				1FEFF0B41E78EA160064A24B /* CardTableViewCell.swift */,
				1FEFF0B51E78EA160064A24B /* CardTableViewController.swift */,
				1FEFF0B61E78EA160064A24B /* PostsViewController.swift */,
				1FEFF0B71E78EA160064A24B /* SampleData.swift */,
			);
			name = CardTableView;
			sourceTree = "<group>";
		};
		1FFB45311E791B2E008F1946 /* Grid */ = {
			isa = PBXGroup;
			children = (
				1FFB45321E791B34008F1946 /* GridViewController.swift */,
			);
			name = Grid;
			sourceTree = "<group>";
		};
		1FFB45341E791D42008F1946 /* ImageCard */ = {
			isa = PBXGroup;
			children = (
				1FFB45371E791D53008F1946 /* frontier.jpg */,
				1FFB45351E791D4F008F1946 /* ImageCardViewController.swift */,
			);
			name = ImageCard;
			sourceTree = "<group>";
		};
		37AAF2E64021B15F2A89B857 /* Pods */ = {
			isa = PBXGroup;
			children = (
				6A4FDA97394DC8AE763447F1 /* Pods-AwesomeSwift.debug.xcconfig */,
				E38D2151789F8C89DE340277 /* Pods-AwesomeSwift.release.xcconfig */,
				6EAD4EA214D599AE7A611CCD /* Pods-AwesomeSwiftTests.debug.xcconfig */,
				31AD3AC2F8556FFAF26F719B /* Pods-AwesomeSwiftTests.release.xcconfig */,
				6153BFD7AB873188A63FEA31 /* Pods-AwesomeSwiftUITests.debug.xcconfig */,
				D32E9FAF8941958DD449E937 /* Pods-AwesomeSwiftUITests.release.xcconfig */,
			);
			name = Pods;
			sourceTree = "<group>";
		};
		BC1B10031E784D1700A9EA20 /* UI */ = {
			isa = PBXGroup;
			children = (
				BC1B10041E784D1C00A9EA20 /* Material */,
			);
			name = UI;
			sourceTree = "<group>";
		};
		BC1B10041E784D1C00A9EA20 /* Material */ = {
			isa = PBXGroup;
			children = (
				1FFB45341E791D42008F1946 /* ImageCard */,
				1FFB45311E791B2E008F1946 /* Grid */,
				1F2FFD2B1E7912AA00503E77 /* FABMenuController */,
				1F459B0F1E790A5700788B03 /* CollectionView */,
				1FEFF0AF1E78EA0B0064A24B /* CardTableView */,
				BC1B100B1E784D4900A9EA20 /* BottomNavigationController */,
				BC1B10051E784D3F00A9EA20 /* BarViewController.swift */,
				1F11BCD31E78D0040050AA2E /* CardViewController.swift */,
				BC1B10061E784D3F00A9EA20 /* ButtonViewController.swift */,
				BC1B10071E784D3F00A9EA20 /* MaterialViewController.swift */,
			);
			name = Material;
			sourceTree = "<group>";
		};
		BC1B100B1E784D4900A9EA20 /* BottomNavigationController */ = {
			isa = PBXGroup;
			children = (
				BC1B100C1E784D5100A9EA20 /* AppBottomNavigationController.swift */,
				BC1B100D1E784D5100A9EA20 /* AudioViewController.swift */,
				BC1B100E1E784D5100A9EA20 /* BottomNavigationViewController.swift */,
				BC1B100F1E784D5100A9EA20 /* PhotoViewController.swift */,
				BC1B10101E784D5100A9EA20 /* RemindersViewController.swift */,
				BC1B10111E784D5100A9EA20 /* SearchViewController.swift */,
				BC1B10121E784D5100A9EA20 /* VideoViewController.swift */,
			);
			name = BottomNavigationController;
			sourceTree = "<group>";
		};
		BC50A89A1E735BD500665614 /* CalendarKit */ = {
			isa = PBXGroup;
			children = (
				1FF65C971E76B17E006783B1 /* ExampleController.swift */,
				1FF65C981E76B17E006783B1 /* StyleGenerator.swift */,
			);
			name = CalendarKit;
			sourceTree = "<group>";
		};
		BC50A89F1E735BEF00665614 /* Landing */ = {
			isa = PBXGroup;
			children = (
				BC50A89B1E735BEC00665614 /* LandingCell.swift */,
				BC50A89C1E735BEC00665614 /* LandingViewController.swift */,
				1F16442C1E7677E3009D70A0 /* SubmenuViewController.swift */,
				1F16442A1E7674F7009D70A0 /* MenuCollectionViewController.swift */,
			);
			name = Landing;
			sourceTree = "<group>";
		};
		BC7D47851E748D2B00564E0C /* CalendarView */ = {
			isa = PBXGroup;
			children = (
				1FF65C9B1E76B18A006783B1 /* CalendarViewController.swift */,
			);
			name = CalendarView;
			sourceTree = "<group>";
		};
		BC86439F1E749F3B002BFABB /* Koyomi */ = {
			isa = PBXGroup;
			children = (
				1FF65C9D1E76B197006783B1 /* KoyomiViewController.swift */,
				1FF65C9E1E76B197006783B1 /* MyButton.swift */,
				1FF65C9F1E76B197006783B1 /* UIColorExtension.swift */,
			);
			name = Koyomi;
			sourceTree = "<group>";
		};
		BC9AE1611E7043F200D3199C = {
			isa = PBXGroup;
			children = (
				1FE6D9ED1E724448008094B9 /* AwesomeSwift */,
				BC9AE16B1E7043F200D3199C /* Products */,
				37AAF2E64021B15F2A89B857 /* Pods */,
				DE128E0CD91B0EE1CA55BA10 /* Frameworks */,
			);
			sourceTree = "<group>";
		};
		BC9AE16B1E7043F200D3199C /* Products */ = {
			isa = PBXGroup;
			children = (
				BC9AE16A1E7043F200D3199C /* AwesomeSwift.app */,
				BC9AE1811E7043F300D3199C /* AwesomeSwiftTests.xctest */,
				BC9AE18C1E7043F300D3199C /* AwesomeSwiftUITests.xctest */,
			);
			name = Products;
			sourceTree = "<group>";
		};
		BC9AE16C1E7043F200D3199C /* AwesomeSwift */ = {
			isa = PBXGroup;
			children = (
				BC1B10031E784D1700A9EA20 /* UI */,
				1F81FAB61E76B833004B1160 /* Animation */,
				BC50A89F1E735BEF00665614 /* Landing */,
				1F1644301E768929009D70A0 /* Calendar */,
				1F16442E1E76822B009D70A0 /* Helper.swift */,
				BC9AE16D1E7043F300D3199C /* AppDelegate.swift */,
				BC9AE16F1E7043F300D3199C /* ViewController.swift */,
				BC9AE1711E7043F300D3199C /* Main.storyboard */,
				BC9AE1771E7043F300D3199C /* Assets.xcassets */,
				BC9AE1791E7043F300D3199C /* LaunchScreen.storyboard */,
				BC9AE17C1E7043F300D3199C /* Info.plist */,
				BC9AE1741E7043F300D3199C /* AwesomeSwift.xcdatamodeld */,
			);
			path = AwesomeSwift;
			sourceTree = "<group>";
		};
		BC9AE1841E7043F300D3199C /* AwesomeSwiftTests */ = {
			isa = PBXGroup;
			children = (
				BC9AE1851E7043F300D3199C /* AwesomeSwiftTests.swift */,
				BC9AE1871E7043F300D3199C /* Info.plist */,
			);
			path = AwesomeSwiftTests;
			sourceTree = "<group>";
		};
		BC9AE18F1E7043F300D3199C /* AwesomeSwiftUITests */ = {
			isa = PBXGroup;
			children = (
				BC9AE1901E7043F300D3199C /* AwesomeSwiftUITests.swift */,
				BC9AE1921E7043F300D3199C /* Info.plist */,
			);
			path = AwesomeSwiftUITests;
			sourceTree = "<group>";
		};
		BCCFC1151E733E5E00940CBF /* Playground */ = {
			isa = PBXGroup;
			children = (
				BCCFC1161E733E7A00940CBF /* AwesomeSwift.playground */,
			);
			name = Playground;
			sourceTree = "<group>";
		};
		DE128E0CD91B0EE1CA55BA10 /* Frameworks */ = {
			isa = PBXGroup;
			children = (
				51C0C6919001EC2ED1ECAC81 /* Pods_AwesomeSwift.framework */,
				9136A79302FEDE426994EDE7 /* Pods_AwesomeSwiftTests.framework */,
				7109D7E5D8C4ECE58BEDBCD0 /* Pods_AwesomeSwiftUITests.framework */,
			);
			name = Frameworks;
			sourceTree = "<group>";
		};
/* End PBXGroup section */

/* Begin PBXNativeTarget section */
		BC9AE1691E7043F200D3199C /* AwesomeSwift */ = {
			isa = PBXNativeTarget;
			buildConfigurationList = BC9AE1951E7043F300D3199C /* Build configuration list for PBXNativeTarget "AwesomeSwift" */;
			buildPhases = (
				1056698429EDA7EB79B7C592 /* [CP] Check Pods Manifest.lock */,
				BC9AE1661E7043F200D3199C /* Sources */,
				BC9AE1671E7043F200D3199C /* Frameworks */,
				BC9AE1681E7043F200D3199C /* Resources */,
				727AB46E0617988232F615C8 /* [CP] Embed Pods Frameworks */,
				89B913A214C7B92178591768 /* [CP] Copy Pods Resources */,
			);
			buildRules = (
			);
			dependencies = (
			);
			name = AwesomeSwift;
			productName = AwesomeSwift;
			productReference = BC9AE16A1E7043F200D3199C /* AwesomeSwift.app */;
			productType = "com.apple.product-type.application";
		};
		BC9AE1801E7043F300D3199C /* AwesomeSwiftTests */ = {
			isa = PBXNativeTarget;
			buildConfigurationList = BC9AE1981E7043F300D3199C /* Build configuration list for PBXNativeTarget "AwesomeSwiftTests" */;
			buildPhases = (
				76A3CAFA17ECC9A96FCC07F2 /* [CP] Check Pods Manifest.lock */,
				BC9AE17D1E7043F300D3199C /* Sources */,
				BC9AE17E1E7043F300D3199C /* Frameworks */,
				BC9AE17F1E7043F300D3199C /* Resources */,
				8A63D0AF71D6A8C4F3468520 /* [CP] Embed Pods Frameworks */,
				674C14AAE673E60B8B51F030 /* [CP] Copy Pods Resources */,
			);
			buildRules = (
			);
			dependencies = (
				BC9AE1831E7043F300D3199C /* PBXTargetDependency */,
			);
			name = AwesomeSwiftTests;
			productName = AwesomeSwiftTests;
			productReference = BC9AE1811E7043F300D3199C /* AwesomeSwiftTests.xctest */;
			productType = "com.apple.product-type.bundle.unit-test";
		};
		BC9AE18B1E7043F300D3199C /* AwesomeSwiftUITests */ = {
			isa = PBXNativeTarget;
			buildConfigurationList = BC9AE19B1E7043F300D3199C /* Build configuration list for PBXNativeTarget "AwesomeSwiftUITests" */;
			buildPhases = (
				D30B03849DEDE9571C51AE5F /* [CP] Check Pods Manifest.lock */,
				BC9AE1881E7043F300D3199C /* Sources */,
				BC9AE1891E7043F300D3199C /* Frameworks */,
				BC9AE18A1E7043F300D3199C /* Resources */,
				6B33001656750942CD3E2BA1 /* [CP] Embed Pods Frameworks */,
				593F4378CF2C51052574605A /* [CP] Copy Pods Resources */,
			);
			buildRules = (
			);
			dependencies = (
				BC9AE18E1E7043F300D3199C /* PBXTargetDependency */,
			);
			name = AwesomeSwiftUITests;
			productName = AwesomeSwiftUITests;
			productReference = BC9AE18C1E7043F300D3199C /* AwesomeSwiftUITests.xctest */;
			productType = "com.apple.product-type.bundle.ui-testing";
		};
/* End PBXNativeTarget section */

/* Begin PBXProject section */
		BC9AE1621E7043F200D3199C /* Project object */ = {
			isa = PBXProject;
			attributes = {
				LastSwiftUpdateCheck = 0820;
				LastUpgradeCheck = 0820;
				ORGANIZATIONNAME = "Jeff Lim";
				TargetAttributes = {
					BC9AE1691E7043F200D3199C = {
						CreatedOnToolsVersion = 8.2.1;
						DevelopmentTeam = ULB4RP6JB6;
						ProvisioningStyle = Automatic;
					};
					BC9AE1801E7043F300D3199C = {
						CreatedOnToolsVersion = 8.2.1;
						ProvisioningStyle = Automatic;
						TestTargetID = BC9AE1691E7043F200D3199C;
					};
					BC9AE18B1E7043F300D3199C = {
						CreatedOnToolsVersion = 8.2.1;
						ProvisioningStyle = Automatic;
						TestTargetID = BC9AE1691E7043F200D3199C;
					};
				};
			};
			buildConfigurationList = BC9AE1651E7043F200D3199C /* Build configuration list for PBXProject "AwesomeSwift" */;
			compatibilityVersion = "Xcode 3.2";
			developmentRegion = English;
			hasScannedForEncodings = 0;
			knownRegions = (
				en,
				Base,
			);
			mainGroup = BC9AE1611E7043F200D3199C;
			productRefGroup = BC9AE16B1E7043F200D3199C /* Products */;
			projectDirPath = "";
			projectRoot = "";
			targets = (
				BC9AE1691E7043F200D3199C /* AwesomeSwift */,
				BC9AE1801E7043F300D3199C /* AwesomeSwiftTests */,
				BC9AE18B1E7043F300D3199C /* AwesomeSwiftUITests */,
			);
		};
/* End PBXProject section */

/* Begin PBXResourcesBuildPhase section */
		BC9AE1681E7043F200D3199C /* Resources */ = {
			isa = PBXResourcesBuildPhase;
			buildActionMask = 2147483647;
			files = (
				1FEFF0CE1E78EA2D0064A24B /* photo7.jpg in Resources */,
				1F459B0E1E790A4E00788B03 /* yoga.jpg in Resources */,
				1FEFF0CD1E78EA2D0064A24B /* photo6.jpg in Resources */,
				1FEFF0CF1E78EA2D0064A24B /* photo8.jpg in Resources */,
				1F459B0C1E790A4E00788B03 /* meditation.jpg in Resources */,
				1FEFF0CC1E78EA2D0064A24B /* photo5.jpg in Resources */,
				1FEFF0CB1E78EA2D0064A24B /* photo4.jpg in Resources */,
				1FEFF0CA1E78EA2D0064A24B /* photo3.jpg in Resources */,
				1FEFF0C91E78EA2D0064A24B /* photo2.jpg in Resources */,
				1FEFF0C81E78EA2D0064A24B /* photo1.jpg in Resources */,
				BC9AE17B1E7043F300D3199C /* LaunchScreen.storyboard in Resources */,
				1FFB45381E791D53008F1946 /* frontier.jpg in Resources */,
				1F459B0D1E790A4E00788B03 /* surf.jpg in Resources */,
				BC9AE1781E7043F300D3199C /* Assets.xcassets in Resources */,
				BC9AE1731E7043F300D3199C /* Main.storyboard in Resources */,
			);
			runOnlyForDeploymentPostprocessing = 0;
		};
		BC9AE17F1E7043F300D3199C /* Resources */ = {
			isa = PBXResourcesBuildPhase;
			buildActionMask = 2147483647;
			files = (
			);
			runOnlyForDeploymentPostprocessing = 0;
		};
		BC9AE18A1E7043F300D3199C /* Resources */ = {
			isa = PBXResourcesBuildPhase;
			buildActionMask = 2147483647;
			files = (
			);
			runOnlyForDeploymentPostprocessing = 0;
		};
/* End PBXResourcesBuildPhase section */

/* Begin PBXShellScriptBuildPhase section */
		1056698429EDA7EB79B7C592 /* [CP] Check Pods Manifest.lock */ = {
			isa = PBXShellScriptBuildPhase;
			buildActionMask = 2147483647;
			files = (
			);
			inputPaths = (
			);
			name = "[CP] Check Pods Manifest.lock";
			outputPaths = (
			);
			runOnlyForDeploymentPostprocessing = 0;
			shellPath = /bin/sh;
			shellScript = "diff \"${PODS_ROOT}/../Podfile.lock\" \"${PODS_ROOT}/Manifest.lock\" > /dev/null\nif [ $? != 0 ] ; then\n    # print error to STDERR\n    echo \"error: The sandbox is not in sync with the Podfile.lock. Run 'pod install' or update your CocoaPods installation.\" >&2\n    exit 1\nfi\n";
			showEnvVarsInLog = 0;
		};
		593F4378CF2C51052574605A /* [CP] Copy Pods Resources */ = {
			isa = PBXShellScriptBuildPhase;
			buildActionMask = 2147483647;
			files = (
			);
			inputPaths = (
			);
			name = "[CP] Copy Pods Resources";
			outputPaths = (
			);
			runOnlyForDeploymentPostprocessing = 0;
			shellPath = /bin/sh;
			shellScript = "\"${SRCROOT}/Pods/Target Support Files/Pods-AwesomeSwiftUITests/Pods-AwesomeSwiftUITests-resources.sh\"\n";
			showEnvVarsInLog = 0;
		};
		674C14AAE673E60B8B51F030 /* [CP] Copy Pods Resources */ = {
			isa = PBXShellScriptBuildPhase;
			buildActionMask = 2147483647;
			files = (
			);
			inputPaths = (
			);
			name = "[CP] Copy Pods Resources";
			outputPaths = (
			);
			runOnlyForDeploymentPostprocessing = 0;
			shellPath = /bin/sh;
			shellScript = "\"${SRCROOT}/Pods/Target Support Files/Pods-AwesomeSwiftTests/Pods-AwesomeSwiftTests-resources.sh\"\n";
			showEnvVarsInLog = 0;
		};
		6B33001656750942CD3E2BA1 /* [CP] Embed Pods Frameworks */ = {
			isa = PBXShellScriptBuildPhase;
			buildActionMask = 2147483647;
			files = (
			);
			inputPaths = (
			);
			name = "[CP] Embed Pods Frameworks";
			outputPaths = (
			);
			runOnlyForDeploymentPostprocessing = 0;
			shellPath = /bin/sh;
			shellScript = "\"${SRCROOT}/Pods/Target Support Files/Pods-AwesomeSwiftUITests/Pods-AwesomeSwiftUITests-frameworks.sh\"\n";
			showEnvVarsInLog = 0;
		};
		727AB46E0617988232F615C8 /* [CP] Embed Pods Frameworks */ = {
			isa = PBXShellScriptBuildPhase;
			buildActionMask = 2147483647;
			files = (
			);
			inputPaths = (
			);
			name = "[CP] Embed Pods Frameworks";
			outputPaths = (
			);
			runOnlyForDeploymentPostprocessing = 0;
			shellPath = /bin/sh;
			shellScript = "\"${SRCROOT}/Pods/Target Support Files/Pods-AwesomeSwift/Pods-AwesomeSwift-frameworks.sh\"\n";
			showEnvVarsInLog = 0;
		};
		76A3CAFA17ECC9A96FCC07F2 /* [CP] Check Pods Manifest.lock */ = {
			isa = PBXShellScriptBuildPhase;
			buildActionMask = 2147483647;
			files = (
			);
			inputPaths = (
			);
			name = "[CP] Check Pods Manifest.lock";
			outputPaths = (
			);
			runOnlyForDeploymentPostprocessing = 0;
			shellPath = /bin/sh;
			shellScript = "diff \"${PODS_ROOT}/../Podfile.lock\" \"${PODS_ROOT}/Manifest.lock\" > /dev/null\nif [ $? != 0 ] ; then\n    # print error to STDERR\n    echo \"error: The sandbox is not in sync with the Podfile.lock. Run 'pod install' or update your CocoaPods installation.\" >&2\n    exit 1\nfi\n";
			showEnvVarsInLog = 0;
		};
		89B913A214C7B92178591768 /* [CP] Copy Pods Resources */ = {
			isa = PBXShellScriptBuildPhase;
			buildActionMask = 2147483647;
			files = (
			);
			inputPaths = (
			);
			name = "[CP] Copy Pods Resources";
			outputPaths = (
			);
			runOnlyForDeploymentPostprocessing = 0;
			shellPath = /bin/sh;
			shellScript = "\"${SRCROOT}/Pods/Target Support Files/Pods-AwesomeSwift/Pods-AwesomeSwift-resources.sh\"\n";
			showEnvVarsInLog = 0;
		};
		8A63D0AF71D6A8C4F3468520 /* [CP] Embed Pods Frameworks */ = {
			isa = PBXShellScriptBuildPhase;
			buildActionMask = 2147483647;
			files = (
			);
			inputPaths = (
			);
			name = "[CP] Embed Pods Frameworks";
			outputPaths = (
			);
			runOnlyForDeploymentPostprocessing = 0;
			shellPath = /bin/sh;
			shellScript = "\"${SRCROOT}/Pods/Target Support Files/Pods-AwesomeSwiftTests/Pods-AwesomeSwiftTests-frameworks.sh\"\n";
			showEnvVarsInLog = 0;
		};
		D30B03849DEDE9571C51AE5F /* [CP] Check Pods Manifest.lock */ = {
			isa = PBXShellScriptBuildPhase;
			buildActionMask = 2147483647;
			files = (
			);
			inputPaths = (
			);
			name = "[CP] Check Pods Manifest.lock";
			outputPaths = (
			);
			runOnlyForDeploymentPostprocessing = 0;
			shellPath = /bin/sh;
			shellScript = "diff \"${PODS_ROOT}/../Podfile.lock\" \"${PODS_ROOT}/Manifest.lock\" > /dev/null\nif [ $? != 0 ] ; then\n    # print error to STDERR\n    echo \"error: The sandbox is not in sync with the Podfile.lock. Run 'pod install' or update your CocoaPods installation.\" >&2\n    exit 1\nfi\n";
			showEnvVarsInLog = 0;
		};
/* End PBXShellScriptBuildPhase section */

/* Begin PBXSourcesBuildPhase section */
		BC9AE1661E7043F200D3199C /* Sources */ = {
			isa = PBXSourcesBuildPhase;
			buildActionMask = 2147483647;
			files = (
				BC1B10131E784D5100A9EA20 /* AppBottomNavigationController.swift in Sources */,
				1FF65C9C1E76B18A006783B1 /* CalendarViewController.swift in Sources */,
				1FEFF0BE1E78EA160064A24B /* PostsViewController.swift in Sources */,
				BC1B10161E784D5100A9EA20 /* PhotoViewController.swift in Sources */,
				1F2FFD391E79164E00503E77 /* FABAppMenuController.swift in Sources */,
				1FF65CA21E76B197006783B1 /* UIColorExtension.swift in Sources */,
				1F8588001E76BE9B00B9EA26 /* AnimatedCollectionViewLayoutViewController.swift in Sources */,
				1F11BCD41E78D0040050AA2E /* CardViewController.swift in Sources */,
				1FEFF0BB1E78EA160064A24B /* CardTableView.swift in Sources */,
				1FEFF0BF1E78EA160064A24B /* SampleData.swift in Sources */,
				1F2FFD321E7912B500503E77 /* FABMenuViewController.swift in Sources */,
				1F2FFD341E7912B500503E77 /* NotesViewController.swift in Sources */,
				1F16442F1E76822B009D70A0 /* Helper.swift in Sources */,
				BC1B10141E784D5100A9EA20 /* AudioViewController.swift in Sources */,
				BC1B100A1E784D3F00A9EA20 /* MaterialViewController.swift in Sources */,
				BC1B10171E784D5100A9EA20 /* RemindersViewController.swift in Sources */,
				BC9AE1701E7043F300D3199C /* ViewController.swift in Sources */,
				1FF65CA11E76B197006783B1 /* MyButton.swift in Sources */,
				BC50A89E1E735BEC00665614 /* LandingViewController.swift in Sources */,
				1F459B121E790A6900788B03 /* CardCollectionViewCell.swift in Sources */,
				1FFB45361E791D4F008F1946 /* ImageCardViewController.swift in Sources */,
				BC1B10081E784D3F00A9EA20 /* BarViewController.swift in Sources */,
				1FEFF0BC1E78EA160064A24B /* CardTableViewCell.swift in Sources */,
				1FF65CA01E76B197006783B1 /* KoyomiViewController.swift in Sources */,
				1FEFF0BD1E78EA160064A24B /* CardTableViewController.swift in Sources */,
				BC9AE16E1E7043F300D3199C /* AppDelegate.swift in Sources */,
				1FEFF0B81E78EA160064A24B /* AppFABMenuController.swift in Sources */,
				BC1B10181E784D5100A9EA20 /* SearchViewController.swift in Sources */,
				1F2FFD371E79156300503E77 /* FABRemindersViewController.swift in Sources */,
				BC1B10091E784D3F00A9EA20 /* ButtonViewController.swift in Sources */,
				1F2FFD331E7912B500503E77 /* FABRootViewController.swift in Sources */,
				1FEFF0BA1E78EA160064A24B /* AppToolbarController.swift in Sources */,
				1FF65C9A1E76B17E006783B1 /* StyleGenerator.swift in Sources */,
				BC1B10191E784D5100A9EA20 /* VideoViewController.swift in Sources */,
				1F16442D1E7677E3009D70A0 /* SubmenuViewController.swift in Sources */,
				1F16442B1E7674F7009D70A0 /* MenuCollectionViewController.swift in Sources */,
				1F459B131E790A6900788B03 /* MaterialCollectionViewController.swift in Sources */,
				1F8588011E76BE9B00B9EA26 /* ImageCollectionViewController.swift in Sources */,
				BC9AE1761E7043F300D3199C /* AwesomeSwift.xcdatamodeld in Sources */,
				1FEFF0B91E78EA160064A24B /* AppPageTabBarController.swift in Sources */,
				1FF65C991E76B17E006783B1 /* ExampleController.swift in Sources */,
				BC50A89D1E735BEC00665614 /* LandingCell.swift in Sources */,
				BC1B10151E784D5100A9EA20 /* BottomNavigationViewController.swift in Sources */,
				1FFB45331E791B34008F1946 /* GridViewController.swift in Sources */,
			);
			runOnlyForDeploymentPostprocessing = 0;
		};
		BC9AE17D1E7043F300D3199C /* Sources */ = {
			isa = PBXSourcesBuildPhase;
			buildActionMask = 2147483647;
			files = (
				BC9AE1861E7043F300D3199C /* AwesomeSwiftTests.swift in Sources */,
			);
			runOnlyForDeploymentPostprocessing = 0;
		};
		BC9AE1881E7043F300D3199C /* Sources */ = {
			isa = PBXSourcesBuildPhase;
			buildActionMask = 2147483647;
			files = (
				BC9AE1911E7043F300D3199C /* AwesomeSwiftUITests.swift in Sources */,
			);
			runOnlyForDeploymentPostprocessing = 0;
		};
/* End PBXSourcesBuildPhase section */

/* Begin PBXTargetDependency section */
		BC9AE1831E7043F300D3199C /* PBXTargetDependency */ = {
			isa = PBXTargetDependency;
			target = BC9AE1691E7043F200D3199C /* AwesomeSwift */;
			targetProxy = BC9AE1821E7043F300D3199C /* PBXContainerItemProxy */;
		};
		BC9AE18E1E7043F300D3199C /* PBXTargetDependency */ = {
			isa = PBXTargetDependency;
			target = BC9AE1691E7043F200D3199C /* AwesomeSwift */;
			targetProxy = BC9AE18D1E7043F300D3199C /* PBXContainerItemProxy */;
		};
/* End PBXTargetDependency section */

/* Begin PBXVariantGroup section */
		BC9AE1711E7043F300D3199C /* Main.storyboard */ = {
			isa = PBXVariantGroup;
			children = (
				BC9AE1721E7043F300D3199C /* Base */,
			);
			name = Main.storyboard;
			sourceTree = "<group>";
		};
		BC9AE1791E7043F300D3199C /* LaunchScreen.storyboard */ = {
			isa = PBXVariantGroup;
			children = (
				BC9AE17A1E7043F300D3199C /* Base */,
			);
			name = LaunchScreen.storyboard;
			sourceTree = "<group>";
		};
/* End PBXVariantGroup section */

/* Begin XCBuildConfiguration section */
		BC9AE1931E7043F300D3199C /* Debug */ = {
			isa = XCBuildConfiguration;
			buildSettings = {
				ALWAYS_SEARCH_USER_PATHS = NO;
				CLANG_ANALYZER_NONNULL = YES;
				CLANG_CXX_LANGUAGE_STANDARD = "gnu++0x";
				CLANG_CXX_LIBRARY = "libc++";
				CLANG_ENABLE_MODULES = YES;
				CLANG_ENABLE_OBJC_ARC = YES;
				CLANG_WARN_BOOL_CONVERSION = YES;
				CLANG_WARN_CONSTANT_CONVERSION = YES;
				CLANG_WARN_DIRECT_OBJC_ISA_USAGE = YES_ERROR;
				CLANG_WARN_DOCUMENTATION_COMMENTS = YES;
				CLANG_WARN_EMPTY_BODY = YES;
				CLANG_WARN_ENUM_CONVERSION = YES;
				CLANG_WARN_INFINITE_RECURSION = YES;
				CLANG_WARN_INT_CONVERSION = YES;
				CLANG_WARN_OBJC_ROOT_CLASS = YES_ERROR;
				CLANG_WARN_SUSPICIOUS_MOVE = YES;
				CLANG_WARN_UNREACHABLE_CODE = YES;
				CLANG_WARN__DUPLICATE_METHOD_MATCH = YES;
				"CODE_SIGN_IDENTITY[sdk=iphoneos*]" = "iPhone Developer";
				COPY_PHASE_STRIP = NO;
				DEBUG_INFORMATION_FORMAT = dwarf;
				ENABLE_STRICT_OBJC_MSGSEND = YES;
				ENABLE_TESTABILITY = YES;
				GCC_C_LANGUAGE_STANDARD = gnu99;
				GCC_DYNAMIC_NO_PIC = NO;
				GCC_NO_COMMON_BLOCKS = YES;
				GCC_OPTIMIZATION_LEVEL = 0;
				GCC_PREPROCESSOR_DEFINITIONS = (
					"DEBUG=1",
					"$(inherited)",
				);
				GCC_WARN_64_TO_32_BIT_CONVERSION = YES;
				GCC_WARN_ABOUT_RETURN_TYPE = YES_ERROR;
				GCC_WARN_UNDECLARED_SELECTOR = YES;
				GCC_WARN_UNINITIALIZED_AUTOS = YES_AGGRESSIVE;
				GCC_WARN_UNUSED_FUNCTION = YES;
				GCC_WARN_UNUSED_VARIABLE = YES;
				IPHONEOS_DEPLOYMENT_TARGET = 9.0;
				MTL_ENABLE_DEBUG_INFO = YES;
				ONLY_ACTIVE_ARCH = YES;
				SDKROOT = iphoneos;
				SWIFT_ACTIVE_COMPILATION_CONDITIONS = DEBUG;
				SWIFT_OPTIMIZATION_LEVEL = "-Onone";
				TARGETED_DEVICE_FAMILY = "1,2";
			};
			name = Debug;
		};
		BC9AE1941E7043F300D3199C /* Release */ = {
			isa = XCBuildConfiguration;
			buildSettings = {
				ALWAYS_SEARCH_USER_PATHS = NO;
				CLANG_ANALYZER_NONNULL = YES;
				CLANG_CXX_LANGUAGE_STANDARD = "gnu++0x";
				CLANG_CXX_LIBRARY = "libc++";
				CLANG_ENABLE_MODULES = YES;
				CLANG_ENABLE_OBJC_ARC = YES;
				CLANG_WARN_BOOL_CONVERSION = YES;
				CLANG_WARN_CONSTANT_CONVERSION = YES;
				CLANG_WARN_DIRECT_OBJC_ISA_USAGE = YES_ERROR;
				CLANG_WARN_DOCUMENTATION_COMMENTS = YES;
				CLANG_WARN_EMPTY_BODY = YES;
				CLANG_WARN_ENUM_CONVERSION = YES;
				CLANG_WARN_INFINITE_RECURSION = YES;
				CLANG_WARN_INT_CONVERSION = YES;
				CLANG_WARN_OBJC_ROOT_CLASS = YES_ERROR;
				CLANG_WARN_SUSPICIOUS_MOVE = YES;
				CLANG_WARN_UNREACHABLE_CODE = YES;
				CLANG_WARN__DUPLICATE_METHOD_MATCH = YES;
				"CODE_SIGN_IDENTITY[sdk=iphoneos*]" = "iPhone Developer";
				COPY_PHASE_STRIP = NO;
				DEBUG_INFORMATION_FORMAT = "dwarf-with-dsym";
				ENABLE_NS_ASSERTIONS = NO;
				ENABLE_STRICT_OBJC_MSGSEND = YES;
				GCC_C_LANGUAGE_STANDARD = gnu99;
				GCC_NO_COMMON_BLOCKS = YES;
				GCC_WARN_64_TO_32_BIT_CONVERSION = YES;
				GCC_WARN_ABOUT_RETURN_TYPE = YES_ERROR;
				GCC_WARN_UNDECLARED_SELECTOR = YES;
				GCC_WARN_UNINITIALIZED_AUTOS = YES_AGGRESSIVE;
				GCC_WARN_UNUSED_FUNCTION = YES;
				GCC_WARN_UNUSED_VARIABLE = YES;
				IPHONEOS_DEPLOYMENT_TARGET = 9.0;
				MTL_ENABLE_DEBUG_INFO = NO;
				SDKROOT = iphoneos;
				SWIFT_OPTIMIZATION_LEVEL = "-Owholemodule";
				TARGETED_DEVICE_FAMILY = "1,2";
				VALIDATE_PRODUCT = YES;
			};
			name = Release;
		};
		BC9AE1961E7043F300D3199C /* Debug */ = {
			isa = XCBuildConfiguration;
			baseConfigurationReference = 6A4FDA97394DC8AE763447F1 /* Pods-AwesomeSwift.debug.xcconfig */;
			buildSettings = {
				ASSETCATALOG_COMPILER_APPICON_NAME = AppIcon;
				DEVELOPMENT_TEAM = ULB4RP6JB6;
				INFOPLIST_FILE = AwesomeSwift/Info.plist;
				LD_RUNPATH_SEARCH_PATHS = "$(inherited) @executable_path/Frameworks";
				PRODUCT_BUNDLE_IDENTIFIER = com.compass.AwesomeSwift;
				PRODUCT_NAME = "$(TARGET_NAME)";
				SWIFT_VERSION = 3.0;
			};
			name = Debug;
		};
		BC9AE1971E7043F300D3199C /* Release */ = {
			isa = XCBuildConfiguration;
			baseConfigurationReference = E38D2151789F8C89DE340277 /* Pods-AwesomeSwift.release.xcconfig */;
			buildSettings = {
				ASSETCATALOG_COMPILER_APPICON_NAME = AppIcon;
				DEVELOPMENT_TEAM = ULB4RP6JB6;
				INFOPLIST_FILE = AwesomeSwift/Info.plist;
				LD_RUNPATH_SEARCH_PATHS = "$(inherited) @executable_path/Frameworks";
				PRODUCT_BUNDLE_IDENTIFIER = com.compass.AwesomeSwift;
				PRODUCT_NAME = "$(TARGET_NAME)";
				SWIFT_VERSION = 3.0;
			};
			name = Release;
		};
		BC9AE1991E7043F300D3199C /* Debug */ = {
			isa = XCBuildConfiguration;
			baseConfigurationReference = 6EAD4EA214D599AE7A611CCD /* Pods-AwesomeSwiftTests.debug.xcconfig */;
			buildSettings = {
				ALWAYS_EMBED_SWIFT_STANDARD_LIBRARIES = YES;
				BUNDLE_LOADER = "$(TEST_HOST)";
				INFOPLIST_FILE = AwesomeSwiftTests/Info.plist;
				LD_RUNPATH_SEARCH_PATHS = "$(inherited) @executable_path/Frameworks @loader_path/Frameworks";
				PRODUCT_BUNDLE_IDENTIFIER = com.compass.AwesomeSwiftTests;
				PRODUCT_NAME = "$(TARGET_NAME)";
				SWIFT_VERSION = 3.0;
				TEST_HOST = "$(BUILT_PRODUCTS_DIR)/AwesomeSwift.app/AwesomeSwift";
			};
			name = Debug;
		};
		BC9AE19A1E7043F300D3199C /* Release */ = {
			isa = XCBuildConfiguration;
			baseConfigurationReference = 31AD3AC2F8556FFAF26F719B /* Pods-AwesomeSwiftTests.release.xcconfig */;
			buildSettings = {
				ALWAYS_EMBED_SWIFT_STANDARD_LIBRARIES = YES;
				BUNDLE_LOADER = "$(TEST_HOST)";
				INFOPLIST_FILE = AwesomeSwiftTests/Info.plist;
				LD_RUNPATH_SEARCH_PATHS = "$(inherited) @executable_path/Frameworks @loader_path/Frameworks";
				PRODUCT_BUNDLE_IDENTIFIER = com.compass.AwesomeSwiftTests;
				PRODUCT_NAME = "$(TARGET_NAME)";
				SWIFT_VERSION = 3.0;
				TEST_HOST = "$(BUILT_PRODUCTS_DIR)/AwesomeSwift.app/AwesomeSwift";
			};
			name = Release;
		};
		BC9AE19C1E7043F300D3199C /* Debug */ = {
			isa = XCBuildConfiguration;
			baseConfigurationReference = 6153BFD7AB873188A63FEA31 /* Pods-AwesomeSwiftUITests.debug.xcconfig */;
			buildSettings = {
				ALWAYS_EMBED_SWIFT_STANDARD_LIBRARIES = YES;
				INFOPLIST_FILE = AwesomeSwiftUITests/Info.plist;
				LD_RUNPATH_SEARCH_PATHS = "$(inherited) @executable_path/Frameworks @loader_path/Frameworks";
				PRODUCT_BUNDLE_IDENTIFIER = com.compass.AwesomeSwiftUITests;
				PRODUCT_NAME = "$(TARGET_NAME)";
				SWIFT_VERSION = 3.0;
				TEST_TARGET_NAME = AwesomeSwift;
			};
			name = Debug;
		};
		BC9AE19D1E7043F300D3199C /* Release */ = {
			isa = XCBuildConfiguration;
			baseConfigurationReference = D32E9FAF8941958DD449E937 /* Pods-AwesomeSwiftUITests.release.xcconfig */;
			buildSettings = {
				ALWAYS_EMBED_SWIFT_STANDARD_LIBRARIES = YES;
				INFOPLIST_FILE = AwesomeSwiftUITests/Info.plist;
				LD_RUNPATH_SEARCH_PATHS = "$(inherited) @executable_path/Frameworks @loader_path/Frameworks";
				PRODUCT_BUNDLE_IDENTIFIER = com.compass.AwesomeSwiftUITests;
				PRODUCT_NAME = "$(TARGET_NAME)";
				SWIFT_VERSION = 3.0;
				TEST_TARGET_NAME = AwesomeSwift;
			};
			name = Release;
		};
/* End XCBuildConfiguration section */

/* Begin XCConfigurationList section */
		BC9AE1651E7043F200D3199C /* Build configuration list for PBXProject "AwesomeSwift" */ = {
			isa = XCConfigurationList;
			buildConfigurations = (
				BC9AE1931E7043F300D3199C /* Debug */,
				BC9AE1941E7043F300D3199C /* Release */,
			);
			defaultConfigurationIsVisible = 0;
			defaultConfigurationName = Release;
		};
		BC9AE1951E7043F300D3199C /* Build configuration list for PBXNativeTarget "AwesomeSwift" */ = {
			isa = XCConfigurationList;
			buildConfigurations = (
				BC9AE1961E7043F300D3199C /* Debug */,
				BC9AE1971E7043F300D3199C /* Release */,
			);
			defaultConfigurationIsVisible = 0;
			defaultConfigurationName = Release;
		};
		BC9AE1981E7043F300D3199C /* Build configuration list for PBXNativeTarget "AwesomeSwiftTests" */ = {
			isa = XCConfigurationList;
			buildConfigurations = (
				BC9AE1991E7043F300D3199C /* Debug */,
				BC9AE19A1E7043F300D3199C /* Release */,
			);
			defaultConfigurationIsVisible = 0;
			defaultConfigurationName = Release;
		};
		BC9AE19B1E7043F300D3199C /* Build configuration list for PBXNativeTarget "AwesomeSwiftUITests" */ = {
			isa = XCConfigurationList;
			buildConfigurations = (
				BC9AE19C1E7043F300D3199C /* Debug */,
				BC9AE19D1E7043F300D3199C /* Release */,
			);
			defaultConfigurationIsVisible = 0;
			defaultConfigurationName = Release;
		};
/* End XCConfigurationList section */

/* Begin XCVersionGroup section */
		BC9AE1741E7043F300D3199C /* AwesomeSwift.xcdatamodeld */ = {
			isa = XCVersionGroup;
			children = (
				BC9AE1751E7043F300D3199C /* AwesomeSwift.xcdatamodel */,
			);
			currentVersion = BC9AE1751E7043F300D3199C /* AwesomeSwift.xcdatamodel */;
			path = AwesomeSwift.xcdatamodeld;
			sourceTree = "<group>";
			versionGroupType = wrapper.xcdatamodel;
		};
/* End XCVersionGroup section */
	};
	rootObject = BC9AE1621E7043F200D3199C /* Project object */;
}
